
Microsoft Visual Studio Solution File, Format Version 12.00
# Visual Studio Version 17
VisualStudioVersion = 17.6.33829.357
MinimumVisualStudioVersion = 10.0.40219.1
Project("{2150E333-8FDC-42A3-9474-1A3956D46DE8}") = "src", "src", "{BFEE4957-D2E2-473D-8693-0903A2044735}"
EndProject
Project("{2150E333-8FDC-42A3-9474-1A3956D46DE8}") = "tests", "tests", "{CB5185A5-A4AF-45F2-B7CD-82229D076CD9}"
EndProject
Project("{FAE04EC0-301F-11D3-BF4B-00C04F79EFBC}") = "Coding.Challenges", "Coding.Challenges\Coding.Challenges.csproj", "{3559685B-AA83-4A47-ACE6-0BDCDD58175C}"
EndProject
Project("{FAE04EC0-301F-11D3-BF4B-00C04F79EFBC}") = "Coding.Challenges.Tests", "Coding.Challenges.Tests\Coding.Challenges.Tests.csproj", "{056FDAFC-4E17-4039-A20F-BEE03B701EA5}"
EndProject
Global
	GlobalSection(SolutionConfigurationPlatforms) = preSolution
		Debug|Any CPU = Debug|Any CPU
		Release|Any CPU = Release|Any CPU
	EndGlobalSection
	GlobalSection(ProjectConfigurationPlatforms) = postSolution
		{3559685B-AA83-4A47-ACE6-0BDCDD58175C}.Debug|Any CPU.ActiveCfg = Debug|Any CPU
		{3559685B-AA83-4A47-ACE6-0BDCDD58175C}.Debug|Any CPU.Build.0 = Debug|Any CPU
		{3559685B-AA83-4A47-ACE6-0BDCDD58175C}.Release|Any CPU.ActiveCfg = Release|Any CPU
		{3559685B-AA83-4A47-ACE6-0BDCDD58175C}.Release|Any CPU.Build.0 = Release|Any CPU
		{056FDAFC-4E17-4039-A20F-BEE03B701EA5}.Debug|Any CPU.ActiveCfg = Debug|Any CPU
		{056FDAFC-4E17-4039-A20F-BEE03B701EA5}.Debug|Any CPU.Build.0 = Debug|Any CPU
		{056FDAFC-4E17-4039-A20F-BEE03B701EA5}.Release|Any CPU.ActiveCfg = Release|Any CPU
		{056FDAFC-4E17-4039-A20F-BEE03B701EA5}.Release|Any CPU.Build.0 = Release|Any CPU
	EndGlobalSection
	GlobalSection(SolutionProperties) = preSolution
		HideSolutionNode = FALSE
	EndGlobalSection
	GlobalSection(NestedProjects) = preSolution
		{3559685B-AA83-4A47-ACE6-0BDCDD58175C} = {BFEE4957-D2E2-473D-8693-0903A2044735}
		{056FDAFC-4E17-4039-A20F-BEE03B701EA5} = {CB5185A5-A4AF-45F2-B7CD-82229D076CD9}
	EndGlobalSection
	GlobalSection(ExtensibilityGlobals) = postSolution
		SolutionGuid = {FF1C821A-FF14-4064-A984-7F1F427BE7AC}
	EndGlobalSection
EndGlobal
